[[package]]
category = "dev"
description = "Disable App Nap on OS X 10.9"
marker = "sys_platform == \"darwin\" or platform_system == \"Darwin\""
name = "appnope"
optional = false
python-versions = "*"
version = "0.1.0"

[[package]]
category = "dev"
description = "Atomic file writes."
marker = "sys_platform == \"win32\""
name = "atomicwrites"
optional = false
python-versions = ">=2.7, !=3.0.*, !=3.1.*, !=3.2.*, !=3.3.*"
version = "1.4.0"

[[package]]
category = "dev"
description = "Classes Without Boilerplate"
name = "attrs"
optional = false
python-versions = ">=2.7, !=3.0.*, !=3.1.*, !=3.2.*, !=3.3.*"
version = "19.3.0"

[package.extras]
azure-pipelines = ["coverage", "hypothesis", "pympler", "pytest (>=4.3.0)", "six", "zope.interface", "pytest-azurepipelines"]
dev = ["coverage", "hypothesis", "pympler", "pytest (>=4.3.0)", "six", "zope.interface", "sphinx", "pre-commit"]
docs = ["sphinx", "zope.interface"]
tests = ["coverage", "hypothesis", "pympler", "pytest (>=4.3.0)", "six", "zope.interface"]

[[package]]
category = "dev"
description = "Specifications for callback functions passed in to an API"
name = "backcall"
optional = false
python-versions = "*"
version = "0.2.0"

[[package]]
category = "main"
description = "Cross-platform colored terminal text."
name = "colorama"
optional = false
python-versions = ">=2.7, !=3.0.*, !=3.1.*, !=3.2.*, !=3.3.*, !=3.4.*"
version = "0.4.3"

[[package]]
category = "dev"
description = "Decorators for Humans"
name = "decorator"
optional = false
python-versions = ">=2.6, !=3.0.*, !=3.1.*"
version = "4.4.2"

[[package]]
category = "main"
description = "An implementation of lxml.xmlfile for the standard library"
name = "et-xmlfile"
optional = false
python-versions = "*"
version = "1.0.1"

[[package]]
category = "main"
description = "Simple wrapper library to the Apache Arrow-based Feather File Format"
name = "feather-format"
optional = false
python-versions = "*"
version = "0.4.1"

[package.dependencies]
pyarrow = ">=0.4.0"

[[package]]
category = "main"
description = "Python humanize utilities"
name = "humanize"
optional = false
python-versions = ">=3.5"
version = "2.5.0"

[package.extras]
tests = ["freezegun", "pytest", "pytest-cov"]

[[package]]
category = "dev"
description = "IPython Kernel for Jupyter"
name = "ipykernel"
optional = false
python-versions = ">=3.5"
version = "5.3.0"

[package.dependencies]
appnope = "*"
ipython = ">=5.0.0"
jupyter-client = "*"
tornado = ">=4.2"
traitlets = ">=4.1.0"

[package.extras]
test = ["pytest (!=5.3.4)", "pytest-cov", "flaky", "nose"]

[[package]]
category = "dev"
description = "IPython: Productive Interactive Computing"
name = "ipython"
optional = false
python-versions = ">=3.6"
version = "7.16.1"

[package.dependencies]
appnope = "*"
backcall = "*"
colorama = "*"
decorator = "*"
jedi = ">=0.10"
pexpect = "*"
pickleshare = "*"
prompt-toolkit = ">=2.0.0,<3.0.0 || >3.0.0,<3.0.1 || >3.0.1,<3.1.0"
pygments = "*"
setuptools = ">=18.5"
traitlets = ">=4.2"

[package.extras]
all = ["Sphinx (>=1.3)", "ipykernel", "ipyparallel", "ipywidgets", "nbconvert", "nbformat", "nose (>=0.10.1)", "notebook", "numpy (>=1.14)", "pygments", "qtconsole", "requests", "testpath"]
doc = ["Sphinx (>=1.3)"]
kernel = ["ipykernel"]
nbconvert = ["nbconvert"]
nbformat = ["nbformat"]
notebook = ["notebook", "ipywidgets"]
parallel = ["ipyparallel"]
qtconsole = ["qtconsole"]
test = ["nose (>=0.10.1)", "requests", "testpath", "pygments", "nbformat", "ipykernel", "numpy (>=1.14)"]

[[package]]
category = "dev"
description = "Vestigial utilities from IPython"
name = "ipython-genutils"
optional = false
python-versions = "*"
version = "0.2.0"

[[package]]
category = "main"
description = "An ISO 8601 date/time/duration parser and formatter"
name = "isodate"
optional = false
python-versions = "*"
version = "0.6.0"

[package.dependencies]
six = "*"

[[package]]
category = "main"
description = "Julian dates from proleptic Gregorian and Julian calendars."
name = "jdcal"
optional = false
python-versions = "*"
version = "1.4.1"

[[package]]
category = "dev"
description = "An autocompletion tool for Python that can be used for text editors."
name = "jedi"
optional = false
python-versions = ">=2.7, !=3.0.*, !=3.1.*, !=3.2.*, !=3.3.*, !=3.4.*"
version = "0.17.1"

[package.dependencies]
parso = ">=0.7.0,<0.8.0"

[package.extras]
qa = ["flake8 (3.7.9)"]
testing = ["Django (<3.1)", "colorama", "docopt", "pytest (>=3.9.0,<5.0.0)"]

[[package]]
category = "dev"
description = "Jupyter protocol implementation and client libraries"
name = "jupyter-client"
optional = false
python-versions = ">=3.5"
version = "6.1.5"

[package.dependencies]
jupyter-core = ">=4.6.0"
python-dateutil = ">=2.1"
pyzmq = ">=13"
tornado = ">=4.1"
traitlets = "*"

[package.extras]
test = ["ipykernel", "ipython", "mock", "pytest"]

[[package]]
category = "dev"
description = "Jupyter core package. A base package on which Jupyter projects rely."
name = "jupyter-core"
optional = false
python-versions = "!=3.0,!=3.1,!=3.2,!=3.3,!=3.4,>=2.7"
version = "4.6.3"

[package.dependencies]
pywin32 = ">=1.0"
traitlets = "*"

[[package]]
category = "dev"
description = "More routines for operating on iterables, beyond itertools"
name = "more-itertools"
optional = false
python-versions = ">=3.5"
version = "8.4.0"

[[package]]
category = "main"
description = "NumPy is the fundamental package for array computing with Python."
name = "numpy"
optional = false
python-versions = ">=3.6"
version = "1.19.0"

[[package]]
category = "main"
description = "A Python library to read/write Excel 2010 xlsx/xlsm files"
name = "openpyxl"
optional = false
python-versions = ">=3.6,"
version = "3.0.4"

[package.dependencies]
et-xmlfile = "*"
jdcal = "*"

[[package]]
category = "main"
description = "Ordered Turtle Serializer for rdflib"
name = "otsrdflib"
optional = false
python-versions = "*"
version = "0.5.0"

[package.dependencies]
rdflib = "*"
six = "*"

[[package]]
category = "dev"
description = "Core utilities for Python packages"
name = "packaging"
optional = false
python-versions = ">=2.7, !=3.0.*, !=3.1.*, !=3.2.*, !=3.3.*"
version = "20.4"

[package.dependencies]
pyparsing = ">=2.0.2"
six = "*"

[[package]]
category = "main"
description = "Powerful data structures for data analysis, time series, and statistics"
name = "pandas"
optional = false
python-versions = ">=3.6.1"
version = "1.0.5"

[package.dependencies]
numpy = ">=1.13.3"
python-dateutil = ">=2.6.1"
pytz = ">=2017.2"

[package.extras]
test = ["pytest (>=4.0.2)", "pytest-xdist", "hypothesis (>=3.58)"]

[[package]]
category = "dev"
description = "A Python Parser"
name = "parso"
optional = false
python-versions = ">=2.7, !=3.0.*, !=3.1.*, !=3.2.*, !=3.3.*"
version = "0.7.0"

[package.extras]
testing = ["docopt", "pytest (>=3.0.7)"]

[[package]]
category = "dev"
description = "Pexpect allows easy control of interactive console applications."
marker = "sys_platform != \"win32\""
name = "pexpect"
optional = false
python-versions = "*"
version = "4.8.0"

[package.dependencies]
ptyprocess = ">=0.5"

[[package]]
category = "dev"
description = "Tiny 'shelve'-like database with concurrency support"
name = "pickleshare"
optional = false
python-versions = "*"
version = "0.7.5"

[[package]]
category = "dev"
description = "plugin and hook calling mechanisms for python"
name = "pluggy"
optional = false
python-versions = ">=2.7, !=3.0.*, !=3.1.*, !=3.2.*, !=3.3.*"
version = "0.13.1"

[package.extras]
dev = ["pre-commit", "tox"]

[[package]]
category = "dev"
description = "Library for building powerful interactive command lines in Python"
name = "prompt-toolkit"
optional = false
python-versions = ">=3.6.1"
version = "3.0.5"

[package.dependencies]
wcwidth = "*"

[[package]]
category = "main"
description = "Cross-platform lib for process and system monitoring in Python."
name = "psutil"
optional = false
python-versions = ">=2.6, !=3.0.*, !=3.1.*, !=3.2.*, !=3.3.*"
version = "5.7.0"

[package.extras]
enum = ["enum34"]

[[package]]
category = "dev"
description = "Run a subprocess in a pseudo terminal"
marker = "sys_platform != \"win32\""
name = "ptyprocess"
optional = false
python-versions = "*"
version = "0.6.0"

[[package]]
category = "dev"
description = "library with cross-python path, ini-parsing, io, code, log facilities"
name = "py"
optional = false
python-versions = ">=2.7, !=3.0.*, !=3.1.*, !=3.2.*, !=3.3.*"
version = "1.9.0"

[[package]]
category = "main"
description = "Python library for Apache Arrow"
name = "pyarrow"
optional = false
python-versions = ">=3.5"
version = "0.17.1"

[package.dependencies]
numpy = ">=1.14"

[[package]]
category = "main"
description = "The kitchen sink of Python utility libraries for doing \"stuff\" in a functional way. Based on the Lo-Dash Javascript library."
name = "pydash"
optional = false
python-versions = "*"
version = "4.8.0"

[package.extras]
dev = ["coverage", "flake8", "mock", "pylint", "pytest", "pytest-cov", "sphinx", "sphinx-rtd-theme", "tox", "twine", "wheel"]

[[package]]
category = "dev"
description = "Pygments is a syntax highlighting package written in Python."
name = "pygments"
optional = false
python-versions = ">=3.5"
version = "2.6.1"

[[package]]
category = "main"
description = "DB API Module for ODBC"
name = "pyodbc"
optional = false
python-versions = "*"
version = "4.0.30"

[[package]]
category = "main"
description = "Python parsing module"
name = "pyparsing"
optional = false
python-versions = ">=2.6, !=3.0.*, !=3.1.*, !=3.2.*"
version = "2.4.7"

[[package]]
category = "dev"
description = "pytest: simple powerful testing with Python"
name = "pytest"
optional = false
python-versions = ">=3.5"
version = "5.4.3"

[package.dependencies]
atomicwrites = ">=1.0"
attrs = ">=17.4.0"
colorama = "*"
more-itertools = ">=4.0.0"
packaging = "*"
pluggy = ">=0.12,<1.0"
py = ">=1.5.0"
wcwidth = "*"

[package.extras]
checkqa-mypy = ["mypy (v0.761)"]
testing = ["argcomplete", "hypothesis (>=3.56)", "mock", "nose", "requests", "xmlschema"]

[[package]]
category = "dev"
description = "A testdox format reporter for pytest"
name = "pytest-testdox"
optional = false
python-versions = "*"
version = "1.2.1"

[package.dependencies]
pytest = ">=3.7.0"
six = ">=1.11.0"

[[package]]
category = "main"
description = "Extensions to the standard Python datetime module"
name = "python-dateutil"
optional = false
python-versions = "!=3.0.*,!=3.1.*,!=3.2.*,>=2.7"
version = "2.8.1"

[package.dependencies]
six = ">=1.5"

[[package]]
category = "main"
description = "Add .env support to your django/flask apps in development and deployments"
name = "python-dotenv"
optional = false
python-versions = "*"
version = "0.13.0"

[package.extras]
cli = ["click (>=5.0)"]

[[package]]
category = "main"
description = "World timezone definitions, modern and historical"
name = "pytz"
optional = false
python-versions = "*"
version = "2020.1"

[[package]]
category = "dev"
description = "Python for Window Extensions"
marker = "sys_platform == \"win32\""
name = "pywin32"
optional = false
python-versions = "*"
version = "228"

[[package]]
category = "dev"
description = "Python bindings for 0MQ"
name = "pyzmq"
optional = false
python-versions = ">=2.7,!=3.0.*,!=3.1.*,!=3.2.*"
version = "19.0.1"

[[package]]
category = "main"
description = "RDFLib is a Python library for working with RDF, a simple yet powerful language for representing information."
name = "rdflib"
optional = false
python-versions = "*"
version = "5.0.0"

[package.dependencies]
isodate = "*"
pyparsing = "*"
six = "*"

[package.extras]
docs = ["sphinx (<3)", "sphinxcontrib-apidoc"]
html = ["html5lib"]
sparql = ["requests"]
tests = ["html5lib", "networkx", "nose", "doctest-ignore-unicode"]

[[package]]
category = "main"
description = "Python 2 and 3 compatibility utilities"
name = "six"
optional = false
python-versions = ">=2.7, !=3.0.*, !=3.1.*, !=3.2.*"
version = "1.15.0"

[[package]]
category = "main"
description = "SKOS converter for RDFS/OWL/SKOS vocabularies."
name = "skosify"
optional = false
python-versions = "*"
version = "2.0.1"

[package.dependencies]
rdflib = "*"

[package.source]
reference = "d39126f2c3918d07ccb9ed9c471bd30c9830225d"
type = "git"
url = "https://github.com/NatLibFi/Skosify.git"

[[package]]
category = "main"
description = "SPARQL Endpoint interface to Python"
name = "sparqlwrapper"
optional = false
python-versions = "*"
version = "1.8.5"

[package.dependencies]
rdflib = ">=4.0"

[package.extras]
keepalive = ["keepalive (>=0.5)"]

[[package]]
category = "dev"
description = "Tornado is a Python web framework and asynchronous networking library, originally developed at FriendFeed."
name = "tornado"
optional = false
python-versions = ">= 3.5"
version = "6.0.4"

[[package]]
category = "dev"
description = "Traitlets Python config system"
name = "traitlets"
optional = false
python-versions = "*"
version = "4.3.3"

[package.dependencies]
decorator = "*"
ipython-genutils = "*"
six = "*"

[package.extras]
test = ["pytest", "mock"]

[[package]]
category = "dev"
description = "Measures the displayed width of unicode strings in a terminal"
name = "wcwidth"
optional = false
python-versions = "*"
version = "0.2.5"

[metadata]
content-hash = "2b0646a65100c235713fbea3401940d29dbf2a2c46463722cac3fa3ee843a5d7"
python-versions = "^3.8"

[metadata.files]
appnope = [
    {file = "appnope-0.1.0-py2.py3-none-any.whl", hash = "sha256:5b26757dc6f79a3b7dc9fab95359328d5747fcb2409d331ea66d0272b90ab2a0"},
    {file = "appnope-0.1.0.tar.gz", hash = "sha256:8b995ffe925347a2138d7ac0fe77155e4311a0ea6d6da4f5128fe4b3cbe5ed71"},
]
atomicwrites = [
    {file = "atomicwrites-1.4.0-py2.py3-none-any.whl", hash = "sha256:6d1784dea7c0c8d4a5172b6c620f40b6e4cbfdf96d783691f2e1302a7b88e197"},
    {file = "atomicwrites-1.4.0.tar.gz", hash = "sha256:ae70396ad1a434f9c7046fd2dd196fc04b12f9e91ffb859164193be8b6168a7a"},
]
attrs = [
    {file = "attrs-19.3.0-py2.py3-none-any.whl", hash = "sha256:08a96c641c3a74e44eb59afb61a24f2cb9f4d7188748e76ba4bb5edfa3cb7d1c"},
    {file = "attrs-19.3.0.tar.gz", hash = "sha256:f7b7ce16570fe9965acd6d30101a28f62fb4a7f9e926b3bbc9b61f8b04247e72"},
]
backcall = [
    {file = "backcall-0.2.0-py2.py3-none-any.whl", hash = "sha256:fbbce6a29f263178a1f7915c1940bde0ec2b2a967566fe1c65c1dfb7422bd255"},
    {file = "backcall-0.2.0.tar.gz", hash = "sha256:5cbdbf27be5e7cfadb448baf0aa95508f91f2bbc6c6437cd9cd06e2a4c215e1e"},
]
colorama = [
    {file = "colorama-0.4.3-py2.py3-none-any.whl", hash = "sha256:7d73d2a99753107a36ac6b455ee49046802e59d9d076ef8e47b61499fa29afff"},
    {file = "colorama-0.4.3.tar.gz", hash = "sha256:e96da0d330793e2cb9485e9ddfd918d456036c7149416295932478192f4436a1"},
]
decorator = [
    {file = "decorator-4.4.2-py2.py3-none-any.whl", hash = "sha256:41fa54c2a0cc4ba648be4fd43cff00aedf5b9465c9bf18d64325bc225f08f760"},
    {file = "decorator-4.4.2.tar.gz", hash = "sha256:e3a62f0520172440ca0dcc823749319382e377f37f140a0b99ef45fecb84bfe7"},
]
et-xmlfile = [
    {file = "et_xmlfile-1.0.1.tar.gz", hash = "sha256:614d9722d572f6246302c4491846d2c393c199cfa4edc9af593437691683335b"},
]
feather-format = [
    {file = "feather-format-0.4.1.tar.gz", hash = "sha256:45f67e3745d394d4f160ca6d636bbfd4f8b68d01199dc1649b6e487d3e878903"},
]
humanize = [
    {file = "humanize-2.5.0-py3-none-any.whl", hash = "sha256:89062c6db8601693b7d223443d0d7529aa9577df43a1387ddd4b9c273abb4a51"},
    {file = "humanize-2.5.0.tar.gz", hash = "sha256:8a68bd9bccb899fd9bfb1e6d96c1e84e4475551cc9a5b5bdbd69b9b1cfd19c80"},
]
ipykernel = [
    {file = "ipykernel-5.3.0-py3-none-any.whl", hash = "sha256:a8362e3ae365023ca458effe93b026b8cdadc0b73ff3031472128dd8a2cf0289"},
    {file = "ipykernel-5.3.0.tar.gz", hash = "sha256:731adb3f2c4ebcaff52e10a855ddc87670359a89c9c784d711e62d66fccdafae"},
]
ipython = [
    {file = "ipython-7.16.1-py3-none-any.whl", hash = "sha256:2dbcc8c27ca7d3cfe4fcdff7f45b27f9a8d3edfa70ff8024a71c7a8eb5f09d64"},
    {file = "ipython-7.16.1.tar.gz", hash = "sha256:9f4fcb31d3b2c533333893b9172264e4821c1ac91839500f31bd43f2c59b3ccf"},
]
ipython-genutils = [
    {file = "ipython_genutils-0.2.0-py2.py3-none-any.whl", hash = "sha256:72dd37233799e619666c9f639a9da83c34013a73e8bbc79a7a6348d93c61fab8"},
    {file = "ipython_genutils-0.2.0.tar.gz", hash = "sha256:eb2e116e75ecef9d4d228fdc66af54269afa26ab4463042e33785b887c628ba8"},
]
isodate = [
    {file = "isodate-0.6.0-py2.py3-none-any.whl", hash = "sha256:aa4d33c06640f5352aca96e4b81afd8ab3b47337cc12089822d6f322ac772c81"},
    {file = "isodate-0.6.0.tar.gz", hash = "sha256:2e364a3d5759479cdb2d37cce6b9376ea504db2ff90252a2e5b7cc89cc9ff2d8"},
]
jdcal = [
    {file = "jdcal-1.4.1-py2.py3-none-any.whl", hash = "sha256:1abf1305fce18b4e8aa248cf8fe0c56ce2032392bc64bbd61b5dff2a19ec8bba"},
    {file = "jdcal-1.4.1.tar.gz", hash = "sha256:472872e096eb8df219c23f2689fc336668bdb43d194094b5cc1707e1640acfc8"},
]
jedi = [
    {file = "jedi-0.17.1-py2.py3-none-any.whl", hash = "sha256:1ddb0ec78059e8e27ec9eb5098360b4ea0a3dd840bedf21415ea820c21b40a22"},
    {file = "jedi-0.17.1.tar.gz", hash = "sha256:807d5d4f96711a2bcfdd5dfa3b1ae6d09aa53832b182090b222b5efb81f52f63"},
]
jupyter-client = [
    {file = "jupyter_client-6.1.5-py3-none-any.whl", hash = "sha256:9f0092a0951d878e7521924899e1fba6f689c7a99d43735a4c0bc05c6f311452"},
    {file = "jupyter_client-6.1.5.tar.gz", hash = "sha256:5099cda1ac86b27b655a715c51e15bdc8bd9595b2b17adb41a2bd446bbbafc4a"},
]
jupyter-core = [
    {file = "jupyter_core-4.6.3-py2.py3-none-any.whl", hash = "sha256:a4ee613c060fe5697d913416fc9d553599c05e4492d58fac1192c9a6844abb21"},
    {file = "jupyter_core-4.6.3.tar.gz", hash = "sha256:394fd5dd787e7c8861741880bdf8a00ce39f95de5d18e579c74b882522219e7e"},
]
more-itertools = [
    {file = "more-itertools-8.4.0.tar.gz", hash = "sha256:68c70cc7167bdf5c7c9d8f6954a7837089c6a36bf565383919bb595efb8a17e5"},
    {file = "more_itertools-8.4.0-py3-none-any.whl", hash = "sha256:b78134b2063dd214000685165d81c154522c3ee0a1c0d4d113c80361c234c5a2"},
]
numpy = [
    {file = "numpy-1.19.0-cp36-cp36m-macosx_10_9_x86_64.whl", hash = "sha256:63d971bb211ad3ca37b2adecdd5365f40f3b741a455beecba70fd0dde8b2a4cb"},
    {file = "numpy-1.19.0-cp36-cp36m-manylinux1_i686.whl", hash = "sha256:b6aaeadf1e4866ca0fdf7bb4eed25e521ae21a7947c59f78154b24fc7abbe1dd"},
    {file = "numpy-1.19.0-cp36-cp36m-manylinux1_x86_64.whl", hash = "sha256:13af0184177469192d80db9bd02619f6fa8b922f9f327e077d6f2a6acb1ce1c0"},
    {file = "numpy-1.19.0-cp36-cp36m-manylinux2010_i686.whl", hash = "sha256:356f96c9fbec59974a592452ab6a036cd6f180822a60b529a975c9467fcd5f23"},
    {file = "numpy-1.19.0-cp36-cp36m-manylinux2010_x86_64.whl", hash = "sha256:fa1fe75b4a9e18b66ae7f0b122543c42debcf800aaafa0212aaff3ad273c2596"},
    {file = "numpy-1.19.0-cp36-cp36m-manylinux2014_aarch64.whl", hash = "sha256:cbe326f6d364375a8e5a8ccb7e9cd73f4b2f6dc3b2ed205633a0db8243e2a96a"},
    {file = "numpy-1.19.0-cp36-cp36m-win32.whl", hash = "sha256:a2e3a39f43f0ce95204beb8fe0831199542ccab1e0c6e486a0b4947256215632"},
    {file = "numpy-1.19.0-cp36-cp36m-win_amd64.whl", hash = "sha256:7b852817800eb02e109ae4a9cef2beda8dd50d98b76b6cfb7b5c0099d27b52d4"},
    {file = "numpy-1.19.0-cp37-cp37m-macosx_10_9_x86_64.whl", hash = "sha256:d97a86937cf9970453c3b62abb55a6475f173347b4cde7f8dcdb48c8e1b9952d"},
    {file = "numpy-1.19.0-cp37-cp37m-manylinux1_i686.whl", hash = "sha256:a86c962e211f37edd61d6e11bb4df7eddc4a519a38a856e20a6498c319efa6b0"},
    {file = "numpy-1.19.0-cp37-cp37m-manylinux1_x86_64.whl", hash = "sha256:d34fbb98ad0d6b563b95de852a284074514331e6b9da0a9fc894fb1cdae7a79e"},
    {file = "numpy-1.19.0-cp37-cp37m-manylinux2010_i686.whl", hash = "sha256:658624a11f6e1c252b2cd170d94bf28c8f9410acab9f2fd4369e11e1cd4e1aaf"},
    {file = "numpy-1.19.0-cp37-cp37m-manylinux2010_x86_64.whl", hash = "sha256:4d054f013a1983551254e2379385e359884e5af105e3efe00418977d02f634a7"},
    {file = "numpy-1.19.0-cp37-cp37m-manylinux2014_aarch64.whl", hash = "sha256:26a45798ca2a4e168d00de75d4a524abf5907949231512f372b217ede3429e98"},
    {file = "numpy-1.19.0-cp37-cp37m-win32.whl", hash = "sha256:3c40c827d36c6d1c3cf413694d7dc843d50997ebffbc7c87d888a203ed6403a7"},
    {file = "numpy-1.19.0-cp37-cp37m-win_amd64.whl", hash = "sha256:be62aeff8f2f054eff7725f502f6228298891fd648dc2630e03e44bf63e8cee0"},
    {file = "numpy-1.19.0-cp38-cp38-macosx_10_9_x86_64.whl", hash = "sha256:dd53d7c4a69e766e4900f29db5872f5824a06827d594427cf1a4aa542818b796"},
    {file = "numpy-1.19.0-cp38-cp38-manylinux1_i686.whl", hash = "sha256:30a59fb41bb6b8c465ab50d60a1b298d1cd7b85274e71f38af5a75d6c475d2d2"},
    {file = "numpy-1.19.0-cp38-cp38-manylinux1_x86_64.whl", hash = "sha256:df1889701e2dfd8ba4dc9b1a010f0a60950077fb5242bb92c8b5c7f1a6f2668a"},
    {file = "numpy-1.19.0-cp38-cp38-manylinux2010_i686.whl", hash = "sha256:33c623ef9ca5e19e05991f127c1be5aeb1ab5cdf30cb1c5cf3960752e58b599b"},
    {file = "numpy-1.19.0-cp38-cp38-manylinux2010_x86_64.whl", hash = "sha256:26f509450db547e4dfa3ec739419b31edad646d21fb8d0ed0734188b35ff6b27"},
    {file = "numpy-1.19.0-cp38-cp38-manylinux2014_aarch64.whl", hash = "sha256:7b57f26e5e6ee2f14f960db46bd58ffdca25ca06dd997729b1b179fddd35f5a3"},
    {file = "numpy-1.19.0-cp38-cp38-win32.whl", hash = "sha256:a8705c5073fe3fcc297fb8e0b31aa794e05af6a329e81b7ca4ffecab7f2b95ef"},
    {file = "numpy-1.19.0-cp38-cp38-win_amd64.whl", hash = "sha256:c2edbb783c841e36ca0fa159f0ae97a88ce8137fb3a6cd82eae77349ba4b607b"},
    {file = "numpy-1.19.0-pp36-pypy36_pp73-manylinux2010_x86_64.whl", hash = "sha256:8cde829f14bd38f6da7b2954be0f2837043e8b8d7a9110ec5e318ae6bf706610"},
    {file = "numpy-1.19.0.zip", hash = "sha256:76766cc80d6128750075378d3bb7812cf146415bd29b588616f72c943c00d598"},
]
openpyxl = [
    {file = "openpyxl-3.0.4-py2.py3-none-any.whl", hash = "sha256:6e62f058d19b09b95d20ebfbfb04857ad08d0833190516c1660675f699c6186f"},
    {file = "openpyxl-3.0.4.tar.gz", hash = "sha256:d88dd1480668019684c66cfff3e52a5de4ed41e9df5dd52e008cbf27af0dbf87"},
]
otsrdflib = [
    {file = "otsrdflib-0.5.0-py2.py3-none-any.whl", hash = "sha256:c05605d093b0263c5500e852f81d185ce14dabbcbc323a600c6ca24bd7b7bfca"},
    {file = "otsrdflib-0.5.0.tar.gz", hash = "sha256:937f02cd655487c0632aa1dcab6f7aabd956fa9c3415ec30bb90726a8011d626"},
]
packaging = [
    {file = "packaging-20.4-py2.py3-none-any.whl", hash = "sha256:998416ba6962ae7fbd6596850b80e17859a5753ba17c32284f67bfff33784181"},
    {file = "packaging-20.4.tar.gz", hash = "sha256:4357f74f47b9c12db93624a82154e9b120fa8293699949152b22065d556079f8"},
]
pandas = [
    {file = "pandas-1.0.5-cp36-cp36m-macosx_10_9_x86_64.whl", hash = "sha256:faa42a78d1350b02a7d2f0dbe3c80791cf785663d6997891549d0f86dc49125e"},
    {file = "pandas-1.0.5-cp36-cp36m-manylinux1_i686.whl", hash = "sha256:9c31d52f1a7dd2bb4681d9f62646c7aa554f19e8e9addc17e8b1b20011d7522d"},
    {file = "pandas-1.0.5-cp36-cp36m-manylinux1_x86_64.whl", hash = "sha256:8778a5cc5a8437a561e3276b85367412e10ae9fff07db1eed986e427d9a674f8"},
    {file = "pandas-1.0.5-cp36-cp36m-win32.whl", hash = "sha256:9871ef5ee17f388f1cb35f76dc6106d40cb8165c562d573470672f4cdefa59ef"},
    {file = "pandas-1.0.5-cp36-cp36m-win_amd64.whl", hash = "sha256:35b670b0abcfed7cad76f2834041dcf7ae47fd9b22b63622d67cdc933d79f453"},
    {file = "pandas-1.0.5-cp37-cp37m-macosx_10_9_x86_64.whl", hash = "sha256:c9410ce8a3dee77653bc0684cfa1535a7f9c291663bd7ad79e39f5ab58f67ab3"},
    {file = "pandas-1.0.5-cp37-cp37m-manylinux1_i686.whl", hash = "sha256:02f1e8f71cd994ed7fcb9a35b6ddddeb4314822a0e09a9c5b2d278f8cb5d4096"},
    {file = "pandas-1.0.5-cp37-cp37m-manylinux1_x86_64.whl", hash = "sha256:b3c4f93fcb6e97d993bf87cdd917883b7dab7d20c627699f360a8fb49e9e0b91"},
    {file = "pandas-1.0.5-cp37-cp37m-win32.whl", hash = "sha256:5759edf0b686b6f25a5d4a447ea588983a33afc8a0081a0954184a4a87fd0dd7"},
    {file = "pandas-1.0.5-cp37-cp37m-win_amd64.whl", hash = "sha256:ab8173a8efe5418bbe50e43f321994ac6673afc5c7c4839014cf6401bbdd0705"},
    {file = "pandas-1.0.5-cp38-cp38-macosx_10_9_x86_64.whl", hash = "sha256:13f75fb18486759da3ff40f5345d9dd20e7d78f2a39c5884d013456cec9876f0"},
    {file = "pandas-1.0.5-cp38-cp38-manylinux1_i686.whl", hash = "sha256:5a7cf6044467c1356b2b49ef69e50bf4d231e773c3ca0558807cdba56b76820b"},
    {file = "pandas-1.0.5-cp38-cp38-manylinux1_x86_64.whl", hash = "sha256:ae961f1f0e270f1e4e2273f6a539b2ea33248e0e3a11ffb479d757918a5e03a9"},
    {file = "pandas-1.0.5-cp38-cp38-win32.whl", hash = "sha256:f69e0f7b7c09f1f612b1f8f59e2df72faa8a6b41c5a436dde5b615aaf948f107"},
    {file = "pandas-1.0.5-cp38-cp38-win_amd64.whl", hash = "sha256:4c73f373b0800eb3062ffd13d4a7a2a6d522792fa6eb204d67a4fad0a40f03dc"},
    {file = "pandas-1.0.5.tar.gz", hash = "sha256:69c5d920a0b2a9838e677f78f4dde506b95ea8e4d30da25859db6469ded84fa8"},
]
parso = [
    {file = "parso-0.7.0-py2.py3-none-any.whl", hash = "sha256:158c140fc04112dc45bca311633ae5033c2c2a7b732fa33d0955bad8152a8dd0"},
    {file = "parso-0.7.0.tar.gz", hash = "sha256:908e9fae2144a076d72ae4e25539143d40b8e3eafbaeae03c1bfe226f4cdf12c"},
]
pexpect = [
    {file = "pexpect-4.8.0-py2.py3-none-any.whl", hash = "sha256:0b48a55dcb3c05f3329815901ea4fc1537514d6ba867a152b581d69ae3710937"},
    {file = "pexpect-4.8.0.tar.gz", hash = "sha256:fc65a43959d153d0114afe13997d439c22823a27cefceb5ff35c2178c6784c0c"},
]
pickleshare = [
    {file = "pickleshare-0.7.5-py2.py3-none-any.whl", hash = "sha256:9649af414d74d4df115d5d718f82acb59c9d418196b7b4290ed47a12ce62df56"},
    {file = "pickleshare-0.7.5.tar.gz", hash = "sha256:87683d47965c1da65cdacaf31c8441d12b8044cdec9aca500cd78fc2c683afca"},
]
pluggy = [
    {file = "pluggy-0.13.1-py2.py3-none-any.whl", hash = "sha256:966c145cd83c96502c3c3868f50408687b38434af77734af1e9ca461a4081d2d"},
    {file = "pluggy-0.13.1.tar.gz", hash = "sha256:15b2acde666561e1298d71b523007ed7364de07029219b604cf808bfa1c765b0"},
]
prompt-toolkit = [
    {file = "prompt_toolkit-3.0.5-py3-none-any.whl", hash = "sha256:df7e9e63aea609b1da3a65641ceaf5bc7d05e0a04de5bd45d05dbeffbabf9e04"},
    {file = "prompt_toolkit-3.0.5.tar.gz", hash = "sha256:563d1a4140b63ff9dd587bda9557cffb2fe73650205ab6f4383092fb882e7dc8"},
]
psutil = [
    {file = "psutil-5.7.0-cp27-none-win32.whl", hash = "sha256:298af2f14b635c3c7118fd9183843f4e73e681bb6f01e12284d4d70d48a60953"},
    {file = "psutil-5.7.0-cp27-none-win_amd64.whl", hash = "sha256:75e22717d4dbc7ca529ec5063000b2b294fc9a367f9c9ede1f65846c7955fd38"},
    {file = "psutil-5.7.0-cp35-cp35m-win32.whl", hash = "sha256:f344ca230dd8e8d5eee16827596f1c22ec0876127c28e800d7ae20ed44c4b310"},
    {file = "psutil-5.7.0-cp35-cp35m-win_amd64.whl", hash = "sha256:e2d0c5b07c6fe5a87fa27b7855017edb0d52ee73b71e6ee368fae268605cc3f5"},
    {file = "psutil-5.7.0-cp36-cp36m-win32.whl", hash = "sha256:a02f4ac50d4a23253b68233b07e7cdb567bd025b982d5cf0ee78296990c22d9e"},
    {file = "psutil-5.7.0-cp36-cp36m-win_amd64.whl", hash = "sha256:1413f4158eb50e110777c4f15d7c759521703bd6beb58926f1d562da40180058"},
    {file = "psutil-5.7.0-cp37-cp37m-win32.whl", hash = "sha256:d008ddc00c6906ec80040d26dc2d3e3962109e40ad07fd8a12d0284ce5e0e4f8"},
    {file = "psutil-5.7.0-cp37-cp37m-win_amd64.whl", hash = "sha256:73f35ab66c6c7a9ce82ba44b1e9b1050be2a80cd4dcc3352cc108656b115c74f"},
    {file = "psutil-5.7.0-cp38-cp38-win32.whl", hash = "sha256:60b86f327c198561f101a92be1995f9ae0399736b6eced8f24af41ec64fb88d4"},
    {file = "psutil-5.7.0-cp38-cp38-win_amd64.whl", hash = "sha256:d84029b190c8a66a946e28b4d3934d2ca1528ec94764b180f7d6ea57b0e75e26"},
    {file = "psutil-5.7.0.tar.gz", hash = "sha256:685ec16ca14d079455892f25bd124df26ff9137664af445563c1bd36629b5e0e"},
]
ptyprocess = [
    {file = "ptyprocess-0.6.0-py2.py3-none-any.whl", hash = "sha256:d7cc528d76e76342423ca640335bd3633420dc1366f258cb31d05e865ef5ca1f"},
    {file = "ptyprocess-0.6.0.tar.gz", hash = "sha256:923f299cc5ad920c68f2bc0bc98b75b9f838b93b599941a6b63ddbc2476394c0"},
]
py = [
    {file = "py-1.9.0-py2.py3-none-any.whl", hash = "sha256:366389d1db726cd2fcfc79732e75410e5fe4d31db13692115529d34069a043c2"},
    {file = "py-1.9.0.tar.gz", hash = "sha256:9ca6883ce56b4e8da7e79ac18787889fa5206c79dcc67fb065376cd2fe03f342"},
]
pyarrow = [
    {file = "pyarrow-0.17.1-cp35-cp35m-macosx_10_9_intel.whl", hash = "sha256:ea2dd2b55edd9b893e9b6ac2dc8a84fd66598636b933aece04768960a9dd1667"},
    {file = "pyarrow-0.17.1-cp35-cp35m-manylinux1_x86_64.whl", hash = "sha256:b142cc9b42e9b87a2f0624b2bd176a84ec7f47d170de1c46eeb155eab1d08dbd"},
    {file = "pyarrow-0.17.1-cp35-cp35m-manylinux2010_x86_64.whl", hash = "sha256:5a0f5279bee86310f8c02706e1c706ccc30d030b1febd844f2a269f3fc7cafae"},
    {file = "pyarrow-0.17.1-cp35-cp35m-manylinux2014_x86_64.whl", hash = "sha256:d6b352da205d58aa1a5705075a5e547ff7fb610b182e38d211a17dccad88d72d"},
    {file = "pyarrow-0.17.1-cp35-cp35m-win_amd64.whl", hash = "sha256:99b0fc309660fe1ff122d14c6b42f79f8e6cc5324223f85f1190c108e40c6e4a"},
    {file = "pyarrow-0.17.1-cp36-cp36m-macosx_10_9_intel.whl", hash = "sha256:837a22f34b9c941ca7bdb6ff7ca7dd9381d590ea60de64c3829cdd2b90fafebb"},
    {file = "pyarrow-0.17.1-cp36-cp36m-manylinux1_x86_64.whl", hash = "sha256:b46c693dd766fc7cab41a803653e80930ec1b71ac51c7f42b5d62b7cae1c2efa"},
    {file = "pyarrow-0.17.1-cp36-cp36m-manylinux2010_x86_64.whl", hash = "sha256:a1e19a532d4d8a46c2484d914670034f7ea3ef4884c1cd9600ecb1ac8aecd28d"},
    {file = "pyarrow-0.17.1-cp36-cp36m-manylinux2014_x86_64.whl", hash = "sha256:2af53a80076ab802cbfcd97063645b45d81d1e5ca206c7edcf122fa4d36026d9"},
    {file = "pyarrow-0.17.1-cp36-cp36m-win_amd64.whl", hash = "sha256:9508a0514b94068a9811608c2362393fb2de8308f4152fbc8572fa275759fbf7"},
    {file = "pyarrow-0.17.1-cp37-cp37m-macosx_10_9_intel.whl", hash = "sha256:3562ac22b0647c212aa9c0b21a2caeeb21d02aa7ba2cb696a355893f50bc18b0"},
    {file = "pyarrow-0.17.1-cp37-cp37m-manylinux1_x86_64.whl", hash = "sha256:38d1ef84c66123dc9eb8514f32fa866652df204c9ce1e5930461ea8f2ba9bffb"},
    {file = "pyarrow-0.17.1-cp37-cp37m-manylinux2010_x86_64.whl", hash = "sha256:ee45471f7929d8951b42b1b875dee2be56952f026057c920af6c213d1ae54ace"},
    {file = "pyarrow-0.17.1-cp37-cp37m-manylinux2014_x86_64.whl", hash = "sha256:cc3fb951347993ad9d5aa38c3aabd9be8341994b35c2fcc307f507a298187196"},
    {file = "pyarrow-0.17.1-cp37-cp37m-win_amd64.whl", hash = "sha256:59b200dd3344413f7f68a5745a30964b690c41c23d5e95475be865fd264550ff"},
    {file = "pyarrow-0.17.1-cp38-cp38-macosx_10_9_x86_64.whl", hash = "sha256:e6f736df6c88836ce3eeb0fee1de939af56981f82aa9b3bdef2ab6f3201de05e"},
    {file = "pyarrow-0.17.1-cp38-cp38-manylinux1_x86_64.whl", hash = "sha256:841b3780aee3cb307fecdfaaae94ca5f3e49b28634335da63d0e383053187149"},
    {file = "pyarrow-0.17.1-cp38-cp38-manylinux2010_x86_64.whl", hash = "sha256:375641f817382c5562c204f7d355f134400de0a778642e419d69fe4d55d38917"},
    {file = "pyarrow-0.17.1-cp38-cp38-manylinux2014_x86_64.whl", hash = "sha256:21b4d31a2813e81ed6664c37decb548618fd93838f983c3d634e3eae1d91a597"},
    {file = "pyarrow-0.17.1-cp38-cp38-win_amd64.whl", hash = "sha256:18f65739d1d8ed8ad0d88228fd9ab76558a9c808c01dca2f24be2c72b875f43b"},
    {file = "pyarrow-0.17.1.tar.gz", hash = "sha256:278d11800c2e0f9bea6314ef718b2368b4046ba24b6c631c14edad5a1d351e49"},
]
pydash = [
    {file = "pydash-4.8.0-py2.py3-none-any.whl", hash = "sha256:611ad40e3b11fb57396cca4a55ea04641200a1dd632c3c7e2c14849bee386625"},
    {file = "pydash-4.8.0.tar.gz", hash = "sha256:546afa043ed1defa3122383bebe8b7072f43554ccc5f0c4360638f99e5ed7327"},
]
pygments = [
    {file = "Pygments-2.6.1-py3-none-any.whl", hash = "sha256:ff7a40b4860b727ab48fad6360eb351cc1b33cbf9b15a0f689ca5353e9463324"},
    {file = "Pygments-2.6.1.tar.gz", hash = "sha256:647344a061c249a3b74e230c739f434d7ea4d8b1d5f3721bc0f3558049b38f44"},
]
pyodbc = [
    {file = "pyodbc-4.0.30-cp27-cp27m-win32.whl", hash = "sha256:a1af49a2f4f0abbafdc018d510e31561d3f9472725dc1d49cce3bd2e10e9ec18"},
    {file = "pyodbc-4.0.30-cp27-cp27m-win_amd64.whl", hash = "sha256:eb9e7a4a5126f2695f307b2a6b0b94cbfccfe7481be2c0d33f5456515328f1cc"},
    {file = "pyodbc-4.0.30-cp27-none-macosx_10_15_x86_64.whl", hash = "sha256:3a8212be2e49ff29d71d40a9c1af2cdaa71dcc7246cf80a0f9c7254de47ea4a9"},
    {file = "pyodbc-4.0.30-cp36-cp36m-macosx_10_9_x86_64.whl", hash = "sha256:2f0079951016729b51babebd6aa8112ecef53e11eea3116036c4ec7105f41514"},
    {file = "pyodbc-4.0.30-cp36-cp36m-win32.whl", hash = "sha256:7113daddcf346ff095904c568d1e1019f567da74058b4e69099e23bc98211691"},
    {file = "pyodbc-4.0.30-cp36-cp36m-win_amd64.whl", hash = "sha256:d9d1469786519c3b545168b45db7c3ece3b493c89d51bb5732d38a2eac6d0863"},
    {file = "pyodbc-4.0.30-cp37-cp37m-macosx_10_9_x86_64.whl", hash = "sha256:52a42be6561932d74bbcc5b0f54dcdcf2eceae3b03192fc0db64a5020bbca057"},
    {file = "pyodbc-4.0.30-cp37-cp37m-win32.whl", hash = "sha256:8fa4147bf3bff1b66a9b1a0063094ca1686b9319383e711e7c193c2b4728b572"},
    {file = "pyodbc-4.0.30-cp37-cp37m-win_amd64.whl", hash = "sha256:1b8ed92bd50c6d83dec88153880405434bc261bb013ca02809827bb3ffbb319a"},
    {file = "pyodbc-4.0.30-cp38-cp38-macosx_10_9_x86_64.whl", hash = "sha256:d4ffeab51dcc03c4c1a9a200f70999ce9b827c91defc4f5740633a6d47d3a206"},
    {file = "pyodbc-4.0.30-cp38-cp38-win32.whl", hash = "sha256:d3ad340e0053b6ec4130957efbcecce6de48d68e7e78792ea7588e27ffa629f1"},
    {file = "pyodbc-4.0.30-cp38-cp38-win_amd64.whl", hash = "sha256:bce7e41c7cfc06ec976245f361221dfdd0f04e804010cf255cbb36985f6c3406"},
    {file = "pyodbc-4.0.30.tar.gz", hash = "sha256:852b5deeeb3366af8b4408efed993501708be45d221881bce60c9aac54be726a"},
]
pyparsing = [
    {file = "pyparsing-2.4.7-py2.py3-none-any.whl", hash = "sha256:ef9d7589ef3c200abe66653d3f1ab1033c3c419ae9b9bdb1240a85b024efc88b"},
    {file = "pyparsing-2.4.7.tar.gz", hash = "sha256:c203ec8783bf771a155b207279b9bccb8dea02d8f0c9e5f8ead507bc3246ecc1"},
]
pytest = [
    {file = "pytest-5.4.3-py3-none-any.whl", hash = "sha256:5c0db86b698e8f170ba4582a492248919255fcd4c79b1ee64ace34301fb589a1"},
    {file = "pytest-5.4.3.tar.gz", hash = "sha256:7979331bfcba207414f5e1263b5a0f8f521d0f457318836a7355531ed1a4c7d8"},
]
pytest-testdox = [
    {file = "pytest-testdox-1.2.1.tar.gz", hash = "sha256:ff7117fe8544afbcac63952a9b3479f0b3ff92d8c43e380cb329f2803af8c3ac"},
    {file = "pytest_testdox-1.2.1-py2.py3-none-any.whl", hash = "sha256:082352573dcb5df59054ee41bdd9f6f47d3f1b6624aea6586548ba0c640cbd9d"},
]
python-dateutil = [
    {file = "python-dateutil-2.8.1.tar.gz", hash = "sha256:73ebfe9dbf22e832286dafa60473e4cd239f8592f699aa5adaf10050e6e1823c"},
    {file = "python_dateutil-2.8.1-py2.py3-none-any.whl", hash = "sha256:75bb3f31ea686f1197762692a9ee6a7550b59fc6ca3a1f4b5d7e32fb98e2da2a"},
]
python-dotenv = [
    {file = "python-dotenv-0.13.0.tar.gz", hash = "sha256:3b9909bc96b0edc6b01586e1eed05e71174ef4e04c71da5786370cebea53ad74"},
    {file = "python_dotenv-0.13.0-py2.py3-none-any.whl", hash = "sha256:25c0ff1a3e12f4bde8d592cc254ab075cfe734fc5dd989036716fd17ee7e5ec7"},
]
pytz = [
    {file = "pytz-2020.1-py2.py3-none-any.whl", hash = "sha256:a494d53b6d39c3c6e44c3bec237336e14305e4f29bbf800b599253057fbb79ed"},
    {file = "pytz-2020.1.tar.gz", hash = "sha256:c35965d010ce31b23eeb663ed3cc8c906275d6be1a34393a1d73a41febf4a048"},
]
pywin32 = [
    {file = "pywin32-228-cp27-cp27m-win32.whl", hash = "sha256:37dc9935f6a383cc744315ae0c2882ba1768d9b06700a70f35dc1ce73cd4ba9c"},
    {file = "pywin32-228-cp27-cp27m-win_amd64.whl", hash = "sha256:11cb6610efc2f078c9e6d8f5d0f957620c333f4b23466931a247fb945ed35e89"},
    {file = "pywin32-228-cp35-cp35m-win32.whl", hash = "sha256:1f45db18af5d36195447b2cffacd182fe2d296849ba0aecdab24d3852fbf3f80"},
    {file = "pywin32-228-cp35-cp35m-win_amd64.whl", hash = "sha256:6e38c44097a834a4707c1b63efa9c2435f5a42afabff634a17f563bc478dfcc8"},
    {file = "pywin32-228-cp36-cp36m-win32.whl", hash = "sha256:ec16d44b49b5f34e99eb97cf270806fdc560dff6f84d281eb2fcb89a014a56a9"},
    {file = "pywin32-228-cp36-cp36m-win_amd64.whl", hash = "sha256:a60d795c6590a5b6baeacd16c583d91cce8038f959bd80c53bd9a68f40130f2d"},
    {file = "pywin32-228-cp37-cp37m-win32.whl", hash = "sha256:af40887b6fc200eafe4d7742c48417529a8702dcc1a60bf89eee152d1d11209f"},
    {file = "pywin32-228-cp37-cp37m-win_amd64.whl", hash = "sha256:00eaf43dbd05ba6a9b0080c77e161e0b7a601f9a3f660727a952e40140537de7"},
    {file = "pywin32-228-cp38-cp38-win32.whl", hash = "sha256:fa6ba028909cfc64ce9e24bcf22f588b14871980d9787f1e2002c99af8f1850c"},
    {file = "pywin32-228-cp38-cp38-win_amd64.whl", hash = "sha256:9b3466083f8271e1a5eb0329f4e0d61925d46b40b195a33413e0905dccb285e8"},
    {file = "pywin32-228-cp39-cp39-win32.whl", hash = "sha256:ed74b72d8059a6606f64842e7917aeee99159ebd6b8d6261c518d002837be298"},
    {file = "pywin32-228-cp39-cp39-win_amd64.whl", hash = "sha256:8319bafdcd90b7202c50d6014efdfe4fde9311b3ff15fd6f893a45c0868de203"},
]
pyzmq = [
    {file = "pyzmq-19.0.1-cp27-cp27m-macosx_10_9_intel.whl", hash = "sha256:58688a2dfa044fad608a8e70ba8d019d0b872ec2acd75b7b5e37da8905605891"},
    {file = "pyzmq-19.0.1-cp27-cp27m-win32.whl", hash = "sha256:87c78f6936e2654397ca2979c1d323ee4a889eef536cc77a938c6b5be33351a7"},
    {file = "pyzmq-19.0.1-cp27-cp27m-win_amd64.whl", hash = "sha256:97b6255ae77328d0e80593681826a0479cb7bac0ba8251b4dd882f5145a2293a"},
    {file = "pyzmq-19.0.1-cp27-cp27mu-manylinux1_i686.whl", hash = "sha256:15b4cb21118f4589c4db8be4ac12b21c8b4d0d42b3ee435d47f686c32fe2e91f"},
    {file = "pyzmq-19.0.1-cp27-cp27mu-manylinux1_x86_64.whl", hash = "sha256:931339ac2000d12fe212e64f98ce291e81a7ec6c73b125f17cf08415b753c087"},
    {file = "pyzmq-19.0.1-cp35-cp35m-macosx_10_9_intel.whl", hash = "sha256:2a88b8fabd9cc35bd59194a7723f3122166811ece8b74018147a4ed8489e6421"},
    {file = "pyzmq-19.0.1-cp35-cp35m-manylinux1_i686.whl", hash = "sha256:bafd651b557dd81d89bd5f9c678872f3e7b7255c1c751b78d520df2caac80230"},
    {file = "pyzmq-19.0.1-cp35-cp35m-manylinux1_x86_64.whl", hash = "sha256:8952f6ba6ae598e792703f3134af5a01af8f5c7cf07e9a148f05a12b02412cea"},
    {file = "pyzmq-19.0.1-cp35-cp35m-win32.whl", hash = "sha256:54aa24fd60c4262286fc64ca632f9e747c7cc3a3a1144827490e1dc9b8a3a960"},
    {file = "pyzmq-19.0.1-cp35-cp35m-win_amd64.whl", hash = "sha256:dcbc3f30c11c60d709c30a213dc56e88ac016fe76ac6768e64717bd976072566"},
    {file = "pyzmq-19.0.1-cp36-cp36m-macosx_10_9_intel.whl", hash = "sha256:6ca519309703e95d55965735a667809bbb65f52beda2fdb6312385d3e7a6d234"},
    {file = "pyzmq-19.0.1-cp36-cp36m-manylinux1_i686.whl", hash = "sha256:4ee0bfd82077a3ff11c985369529b12853a4064320523f8e5079b630f9551448"},
    {file = "pyzmq-19.0.1-cp36-cp36m-manylinux1_x86_64.whl", hash = "sha256:ba6f24431b569aec674ede49cad197cad59571c12deed6ad8e3c596da8288217"},
    {file = "pyzmq-19.0.1-cp36-cp36m-win32.whl", hash = "sha256:956775444d01331c7eb412c5fb9bb62130dfaac77e09f32764ea1865234e2ca9"},
    {file = "pyzmq-19.0.1-cp36-cp36m-win_amd64.whl", hash = "sha256:b08780e3a55215873b3b8e6e7ca8987f14c902a24b6ac081b344fd430d6ca7cd"},
    {file = "pyzmq-19.0.1-cp37-cp37m-macosx_10_9_x86_64.whl", hash = "sha256:21f7d91f3536f480cb2c10d0756bfa717927090b7fb863e6323f766e5461ee1c"},
    {file = "pyzmq-19.0.1-cp37-cp37m-manylinux1_i686.whl", hash = "sha256:bfff5ffff051f5aa47ba3b379d87bd051c3196b0c8a603e8b7ed68a6b4f217ec"},
    {file = "pyzmq-19.0.1-cp37-cp37m-manylinux1_x86_64.whl", hash = "sha256:07fb8fe6826a229dada876956590135871de60dbc7de5a18c3bcce2ed1f03c98"},
    {file = "pyzmq-19.0.1-cp37-cp37m-win32.whl", hash = "sha256:342fb8a1dddc569bc361387782e8088071593e7eaf3e3ecf7d6bd4976edff112"},
    {file = "pyzmq-19.0.1-cp37-cp37m-win_amd64.whl", hash = "sha256:faee2604f279d31312bc455f3d024f160b6168b9c1dde22bf62d8c88a4deca8e"},
    {file = "pyzmq-19.0.1-cp38-cp38-macosx_10_9_x86_64.whl", hash = "sha256:5b9d21fc56c8aacd2e6d14738021a9d64f3f69b30578a99325a728e38a349f85"},
    {file = "pyzmq-19.0.1-cp38-cp38-manylinux1_i686.whl", hash = "sha256:af0c02cf49f4f9eedf38edb4f3b6bb621d83026e7e5d76eb5526cc5333782fd6"},
    {file = "pyzmq-19.0.1-cp38-cp38-manylinux1_x86_64.whl", hash = "sha256:5f1f2eb22aab606f808163eb1d537ac9a0ba4283fbeb7a62eb48d9103cf015c2"},
    {file = "pyzmq-19.0.1-cp38-cp38-win32.whl", hash = "sha256:f9d7e742fb0196992477415bb34366c12e9bb9a0699b8b3f221ff93b213d7bec"},
    {file = "pyzmq-19.0.1-cp38-cp38-win_amd64.whl", hash = "sha256:5b99c2ae8089ef50223c28bac57510c163bfdff158c9e90764f812b94e69a0e6"},
    {file = "pyzmq-19.0.1-pp27-pypy_73-macosx_10_9_x86_64.whl", hash = "sha256:cf5d689ba9513b9753959164cf500079383bc18859f58bf8ce06d8d4bef2b054"},
    {file = "pyzmq-19.0.1-pp36-pypy36_pp73-macosx_10_9_x86_64.whl", hash = "sha256:aaa8b40b676576fd7806839a5de8e6d5d1b74981e6376d862af6c117af2a3c10"},
    {file = "pyzmq-19.0.1.tar.gz", hash = "sha256:13a5638ab24d628a6ade8f794195e1a1acd573496c3b85af2f1183603b7bf5e0"},
]
rdflib = [
    {file = "rdflib-5.0.0-py3-none-any.whl", hash = "sha256:88208ea971a87886d60ae2b1a4b2cdc263527af0454c422118d43fe64b357877"},
    {file = "rdflib-5.0.0.tar.gz", hash = "sha256:78149dd49d385efec3b3adfbd61c87afaf1281c30d3fcaf1b323b34f603fb155"},
]
six = [
    {file = "six-1.15.0-py2.py3-none-any.whl", hash = "sha256:8b74bedcbbbaca38ff6d7491d76f2b06b3592611af620f8426e82dddb04a5ced"},
    {file = "six-1.15.0.tar.gz", hash = "sha256:30639c035cdb23534cd4aa2dd52c3bf48f06e5f4a941509c8bafd8ce11080259"},
]
skosify = []
sparqlwrapper = [
    {file = "SPARQLWrapper-1.8.5-py2-none-any.whl", hash = "sha256:357ee8a27bc910ea13d77836dbddd0b914991495b8cc1bf70676578155e962a8"},
    {file = "SPARQLWrapper-1.8.5-py2.7.egg", hash = "sha256:17ec44b08b8ae2888c801066249f74fe328eec25d90203ce7eadaf82e64484c7"},
    {file = "SPARQLWrapper-1.8.5-py3-none-any.whl", hash = "sha256:c7f9c9d8ebb13428771bc3b6dee54197422507dcc3dea34e30d5dcfc53478dec"},
    {file = "SPARQLWrapper-1.8.5-py3.4.egg", hash = "sha256:8cf6c21126ed76edc85c5c232fd6f77b9f61f8ad1db90a7147cdde2104aff145"},
    {file = "SPARQLWrapper-1.8.5.tar.gz", hash = "sha256:d6a66b5b8cda141660e07aeb00472db077a98d22cb588c973209c7336850fb3c"},
]
tornado = [
    {file = "tornado-6.0.4-cp35-cp35m-win32.whl", hash = "sha256:5217e601700f24e966ddab689f90b7ea4bd91ff3357c3600fa1045e26d68e55d"},
    {file = "tornado-6.0.4-cp35-cp35m-win_amd64.whl", hash = "sha256:c98232a3ac391f5faea6821b53db8db461157baa788f5d6222a193e9456e1740"},
    {file = "tornado-6.0.4-cp36-cp36m-win32.whl", hash = "sha256:5f6a07e62e799be5d2330e68d808c8ac41d4a259b9cea61da4101b83cb5dc673"},
    {file = "tornado-6.0.4-cp36-cp36m-win_amd64.whl", hash = "sha256:c952975c8ba74f546ae6de2e226ab3cc3cc11ae47baf607459a6728585bb542a"},
    {file = "tornado-6.0.4-cp37-cp37m-win32.whl", hash = "sha256:2c027eb2a393d964b22b5c154d1a23a5f8727db6fda837118a776b29e2b8ebc6"},
    {file = "tornado-6.0.4-cp37-cp37m-win_amd64.whl", hash = "sha256:5618f72e947533832cbc3dec54e1dffc1747a5cb17d1fd91577ed14fa0dc081b"},
    {file = "tornado-6.0.4-cp38-cp38-win32.whl", hash = "sha256:22aed82c2ea340c3771e3babc5ef220272f6fd06b5108a53b4976d0d722bcd52"},
    {file = "tornado-6.0.4-cp38-cp38-win_amd64.whl", hash = "sha256:c58d56003daf1b616336781b26d184023ea4af13ae143d9dda65e31e534940b9"},
    {file = "tornado-6.0.4.tar.gz", hash = "sha256:0fe2d45ba43b00a41cd73f8be321a44936dc1aba233dee979f17a042b83eb6dc"},
]
traitlets = [
    {file = "traitlets-4.3.3-py2.py3-none-any.whl", hash = "sha256:70b4c6a1d9019d7b4f6846832288f86998aa3b9207c6821f3578a6a6a467fe44"},
    {file = "traitlets-4.3.3.tar.gz", hash = "sha256:d023ee369ddd2763310e4c3eae1ff649689440d4ae59d7485eb4cfbbe3e359f7"},
]
wcwidth = [
    {file = "wcwidth-0.2.5-py2.py3-none-any.whl", hash = "sha256:beb4802a9cebb9144e99086eff703a642a13d6a0052920003a230f3294bbe784"},
    {file = "wcwidth-0.2.5.tar.gz", hash = "sha256:c4d647b99872929fdb7bdcaa4fbe7f01413ed3d98077df798530e5b04f116c83"},
]
